<?xml version="1.0" encoding="UTF-8"?>
<Scheme
   version = "1.3">
   <BuildAction>
      <BuildActionEntries>
         <BuildActionEntry
            buildForRunning = "YES">
            <BuildableReference
               BuildableIdentifier = "primary"
               BlueprintIdentifier = "B9D9572372A22E702CA7849B"
               BuildableName = "rest-go-repeat.app"
               BlueprintName = "rest-go-repeat"
               ReferencedContainer = "container:rest-go-repeat.xcodeproj">
            </BuildableReference>
         </BuildActionEntry>
      </BuildActionEntries>
   </BuildAction>
   <LaunchAction
      useCustomWorkingDirectory = "NO"
      buildConfiguration = "Debug">
      <BuildableProductRunnable>
         <BuildableReference
            BuildableIdentifier = "primary"
            BlueprintIdentifier = "B9D9572372A22E702CA7849B"
            BuildableName = "rest-go-repeat.app"
            BlueprintName = "rest-go-repeat"
            ReferencedContainer = "container:rest-go-repeat.xcodeproj">
         </BuildableReference>
      </BuildableProductRunnable>
   </LaunchAction>
</Scheme>
